// !$*UTF8*$!
{
	archiveVersion = 1;
	classes = {
	};
	objectVersion = 56;
	objects = {

/* Begin PBXBuildFile section */
		346032E12A13BD0C000110CE /* WeatherAppApp.swift in Sources */ = {isa = PBXBuildFile; fileRef = 346032E02A13BD0C000110CE /* WeatherAppApp.swift */; };
		346032E32A13BD0C000110CE /* ContentView.swift in Sources */ = {isa = PBXBuildFile; fileRef = 346032E22A13BD0C000110CE /* ContentView.swift */; };
		346032E52A13BD0C000110CE /* Assets.xcassets in Resources */ = {isa = PBXBuildFile; fileRef = 346032E42A13BD0C000110CE /* Assets.xcassets */; };
		346032E82A13BD0C000110CE /* Preview Assets.xcassets in Resources */ = {isa = PBXBuildFile; fileRef = 346032E72A13BD0C000110CE /* Preview Assets.xcassets */; };
		346032F02A13BD5A000110CE /* LocationManager.swift in Sources */ = {isa = PBXBuildFile; fileRef = 346032EF2A13BD5A000110CE /* LocationManager.swift */; };
		34AE09A82A1665060030FC11 /* LoadingView.swift in Sources */ = {isa = PBXBuildFile; fileRef = 34AE09A72A1665060030FC11 /* LoadingView.swift */; };
		34CB34722A19054400FD74B7 /* FiveDayWeatherManager.swift in Sources */ = {isa = PBXBuildFile; fileRef = 34CB34712A19054400FD74B7 /* FiveDayWeatherManager.swift */; };
		34CB34742A19096800FD74B7 /* threeHourWeatherData.json in Resources */ = {isa = PBXBuildFile; fileRef = 34CB34732A19096800FD74B7 /* threeHourWeatherData.json */; };
		34CB347C2A1914A000FD74B7 /* BlockIcon.swift in Sources */ = {isa = PBXBuildFile; fileRef = 34CB347B2A1914A000FD74B7 /* BlockIcon.swift */; };
		34DA69FA2A17170F00EC5427 /* WeatherView.swift in Sources */ = {isa = PBXBuildFile; fileRef = 34DA69F92A17170F00EC5427 /* WeatherView.swift */; };
		34DA69FC2A17182D00EC5427 /* weatherData.json in Resources */ = {isa = PBXBuildFile; fileRef = 34DA69FB2A17182D00EC5427 /* weatherData.json */; };
		34DA69FE2A171A9700EC5427 /* Extensions.swift in Sources */ = {isa = PBXBuildFile; fileRef = 34DA69FD2A171A9700EC5427 /* Extensions.swift */; };
		34EA3A902A16B158006555F0 /* WeatherManager.swift in Sources */ = {isa = PBXBuildFile; fileRef = 34EA3A8F2A16B158006555F0 /* WeatherManager.swift */; };
		34EA3A922A16BAFF006555F0 /* ModelData.swift in Sources */ = {isa = PBXBuildFile; fileRef = 34EA3A912A16BAFF006555F0 /* ModelData.swift */; };
		34F20B002A1657F70088A5E2 /* WelcomeView.swift in Sources */ = {isa = PBXBuildFile; fileRef = 34F20AFF2A1657F70088A5E2 /* WelcomeView.swift */; };
/* End PBXBuildFile section */

/* Begin PBXFileReference section */
		346032DD2A13BD0C000110CE /* WeatherApp.app */ = {isa = PBXFileReference; explicitFileType = wrapper.application; includeInIndex = 0; path = WeatherApp.app; sourceTree = BUILT_PRODUCTS_DIR; };
		346032E02A13BD0C000110CE /* WeatherAppApp.swift */ = {isa = PBXFileReference; lastKnownFileType = sourcecode.swift; path = WeatherAppApp.swift; sourceTree = "<group>"; };
		346032E22A13BD0C000110CE /* ContentView.swift */ = {isa = PBXFileReference; lastKnownFileType = sourcecode.swift; path = ContentView.swift; sourceTree = "<group>"; };
		346032E42A13BD0C000110CE /* Assets.xcassets */ = {isa = PBXFileReference; lastKnownFileType = folder.assetcatalog; path = Assets.xcassets; sourceTree = "<group>"; };
		346032E72A13BD0C000110CE /* Preview Assets.xcassets */ = {isa = PBXFileReference; lastKnownFileType = folder.assetcatalog; path = "Preview Assets.xcassets"; sourceTree = "<group>"; };
		346032EF2A13BD5A000110CE /* LocationManager.swift */ = {isa = PBXFileReference; lastKnownFileType = sourcecode.swift; path = LocationManager.swift; sourceTree = "<group>"; };
		34AE09A72A1665060030FC11 /* LoadingView.swift */ = {isa = PBXFileReference; lastKnownFileType = sourcecode.swift; path = LoadingView.swift; sourceTree = "<group>"; };
		34CB34712A19054400FD74B7 /* FiveDayWeatherManager.swift */ = {isa = PBXFileReference; lastKnownFileType = sourcecode.swift; path = FiveDayWeatherManager.swift; sourceTree = "<group>"; };
		34CB34732A19096800FD74B7 /* threeHourWeatherData.json */ = {isa = PBXFileReference; lastKnownFileType = text.json; path = threeHourWeatherData.json; sourceTree = "<group>"; };
		34CB347B2A1914A000FD74B7 /* BlockIcon.swift */ = {isa = PBXFileReference; lastKnownFileType = sourcecode.swift; path = BlockIcon.swift; sourceTree = "<group>"; };
		34DA69F92A17170F00EC5427 /* WeatherView.swift */ = {isa = PBXFileReference; lastKnownFileType = sourcecode.swift; path = WeatherView.swift; sourceTree = "<group>"; };
		34DA69FB2A17182D00EC5427 /* weatherData.json */ = {isa = PBXFileReference; lastKnownFileType = text.json; path = weatherData.json; sourceTree = "<group>"; };
		34DA69FD2A171A9700EC5427 /* Extensions.swift */ = {isa = PBXFileReference; lastKnownFileType = sourcecode.swift; path = Extensions.swift; sourceTree = "<group>"; };
		34EA3A8F2A16B158006555F0 /* WeatherManager.swift */ = {isa = PBXFileReference; lastKnownFileType = sourcecode.swift; path = WeatherManager.swift; sourceTree = "<group>"; };
		34EA3A912A16BAFF006555F0 /* ModelData.swift */ = {isa = PBXFileReference; lastKnownFileType = sourcecode.swift; path = ModelData.swift; sourceTree = "<group>"; };
		34F20AFF2A1657F70088A5E2 /* WelcomeView.swift */ = {isa = PBXFileReference; lastKnownFileType = sourcecode.swift; path = WelcomeView.swift; sourceTree = "<group>"; };
/* End PBXFileReference section */

/* Begin PBXFrameworksBuildPhase section */
		346032DA2A13BD0C000110CE /* Frameworks */ = {
			isa = PBXFrameworksBuildPhase;
			buildActionMask = 2147483647;
			files = (
			);
			runOnlyForDeploymentPostprocessing = 0;
		};
/* End PBXFrameworksBuildPhase section */

/* Begin PBXGroup section */
		346032D42A13BD0C000110CE = {
			isa = PBXGroup;
			children = (
				346032DF2A13BD0C000110CE /* WeatherApp */,
				346032DE2A13BD0C000110CE /* Products */,
			);
			sourceTree = "<group>";
		};
		346032DE2A13BD0C000110CE /* Products */ = {
			isa = PBXGroup;
			children = (
				346032DD2A13BD0C000110CE /* WeatherApp.app */,
			);
			name = Products;
			sourceTree = "<group>";
		};
		346032DF2A13BD0C000110CE /* WeatherApp */ = {
			isa = PBXGroup;
			children = (
				346032E02A13BD0C000110CE /* WeatherAppApp.swift */,
				34DA69FD2A171A9700EC5427 /* Extensions.swift */,
				34F20AFE2A16579D0088A5E2 /* Views */,
				346032EE2A13BD44000110CE /* Managers */,
				346032E42A13BD0C000110CE /* Assets.xcassets */,
				346032E62A13BD0C000110CE /* Preview Content */,
			);
			path = WeatherApp;
			sourceTree = "<group>";
		};
		346032E62A13BD0C000110CE /* Preview Content */ = {
			isa = PBXGroup;
			children = (
				34EA3A912A16BAFF006555F0 /* ModelData.swift */,
				34DA69FB2A17182D00EC5427 /* weatherData.json */,
				34CB34732A19096800FD74B7 /* threeHourWeatherData.json */,
				346032E72A13BD0C000110CE /* Preview Assets.xcassets */,
			);
			path = "Preview Content";
			sourceTree = "<group>";
		};
		346032EE2A13BD44000110CE /* Managers */ = {
			isa = PBXGroup;
			children = (
				346032EF2A13BD5A000110CE /* LocationManager.swift */,
				34EA3A8F2A16B158006555F0 /* WeatherManager.swift */,
				34CB34712A19054400FD74B7 /* FiveDayWeatherManager.swift */,
			);
			path = Managers;
			sourceTree = "<group>";
		};
		34F20AFE2A16579D0088A5E2 /* Views */ = {
			isa = PBXGroup;
			children = (
				346032E22A13BD0C000110CE /* ContentView.swift */,
				34F20AFF2A1657F70088A5E2 /* WelcomeView.swift */,
				34AE09A72A1665060030FC11 /* LoadingView.swift */,
				34DA69F92A17170F00EC5427 /* WeatherView.swift */,
				34CB347B2A1914A000FD74B7 /* BlockIcon.swift */,
			);
			path = Views;
			sourceTree = "<group>";
		};
/* End PBXGroup section */

/* Begin PBXNativeTarget section */
		346032DC2A13BD0C000110CE /* WeatherApp */ = {
			isa = PBXNativeTarget;
			buildConfigurationList = 346032EB2A13BD0C000110CE /* Build configuration list for PBXNativeTarget "WeatherApp" */;
			buildPhases = (
				346032D92A13BD0C000110CE /* Sources */,
				346032DA2A13BD0C000110CE /* Frameworks */,
				346032DB2A13BD0C000110CE /* Resources */,
			);
			buildRules = (
			);
			dependencies = (
			);
			name = WeatherApp;
			productName = WeatherApp;
			productReference = 346032DD2A13BD0C000110CE /* WeatherApp.app */;
			productType = "com.apple.product-type.application";
		};
/* End PBXNativeTarget section */

/* Begin PBXProject section */
		346032D52A13BD0C000110CE /* Project object */ = {
			isa = PBXProject;
			attributes = {
				BuildIndependentTargetsInParallel = 1;
				LastSwiftUpdateCheck = 1420;
				LastUpgradeCheck = 1420;
				TargetAttributes = {
					346032DC2A13BD0C000110CE = {
						CreatedOnToolsVersion = 14.2;
					};
				};
			};
			buildConfigurationList = 346032D82A13BD0C000110CE /* Build configuration list for PBXProject "WeatherApp" */;
			compatibilityVersion = "Xcode 14.0";
			developmentRegion = en;
			hasScannedForEncodings = 0;
			knownRegions = (
				en,
				Base,
			);
			mainGroup = 346032D42A13BD0C000110CE;
			productRefGroup = 346032DE2A13BD0C000110CE /* Products */;
			projectDirPath = "";
			projectRoot = "";
			targets = (
				346032DC2A13BD0C000110CE /* WeatherApp */,
			);
		};
/* End PBXProject section */

/* Begin PBXResourcesBuildPhase section */
		346032DB2A13BD0C000110CE /* Resources */ = {
			isa = PBXResourcesBuildPhase;
			buildActionMask = 2147483647;
			files = (
				346032E82A13BD0C000110CE /* Preview Assets.xcassets in Resources */,
				34CB34742A19096800FD74B7 /* threeHourWeatherData.json in Resources */,
				34DA69FC2A17182D00EC5427 /* weatherData.json in Resources */,
				346032E52A13BD0C000110CE /* Assets.xcassets in Resources */,
			);
			runOnlyForDeploymentPostprocessing = 0;
		};
/* End PBXResourcesBuildPhase section */

/* Begin PBXSourcesBuildPhase section */
		346032D92A13BD0C000110CE /* Sources */ = {
			isa = PBXSourcesBuildPhase;
			buildActionMask = 2147483647;
			files = (
				34EA3A902A16B158006555F0 /* WeatherManager.swift in Sources */,
				34DA69FE2A171A9700EC5427 /* Extensions.swift in Sources */,
				346032E32A13BD0C000110CE /* ContentView.swift in Sources */,
				346032E12A13BD0C000110CE /* WeatherAppApp.swift in Sources */,
				346032F02A13BD5A000110CE /* LocationManager.swift in Sources */,
				34AE09A82A1665060030FC11 /* LoadingView.swift in Sources */,
				34F20B002A1657F70088A5E2 /* WelcomeView.swift in Sources */,
				34CB34722A19054400FD74B7 /* FiveDayWeatherManager.swift in Sources */,
				34EA3A922A16BAFF006555F0 /* ModelData.swift in Sources */,
				34DA69FA2A17170F00EC5427 /* WeatherView.swift in Sources */,
				34CB347C2A1914A000FD74B7 /* BlockIcon.swift in Sources */,
			);
			runOnlyForDeploymentPostprocessing = 0;
		};
/* End PBXSourcesBuildPhase section */

/* Begin XCBuildConfiguration section */
		346032E92A13BD0C000110CE /* Debug */ = {
			isa = XCBuildConfiguration;
			buildSettings = {
				ALWAYS_SEARCH_USER_PATHS = NO;
				CLANG_ANALYZER_NONNULL = YES;
				CLANG_ANALYZER_NUMBER_OBJECT_CONVERSION = YES_AGGRESSIVE;
				CLANG_CXX_LANGUAGE_STANDARD = "gnu++20";
				CLANG_ENABLE_MODULES = YES;
				CLANG_ENABLE_OBJC_ARC = YES;
				CLANG_ENABLE_OBJC_WEAK = YES;
				CLANG_WARN_BLOCK_CAPTURE_AUTORELEASING = YES;
				CLANG_WARN_BOOL_CONVERSION = YES;
				CLANG_WARN_COMMA = YES;
				CLANG_WARN_CONSTANT_CONVERSION = YES;
				CLANG_WARN_DEPRECATED_OBJC_IMPLEMENTATIONS = YES;
				CLANG_WARN_DIRECT_OBJC_ISA_USAGE = YES_ERROR;
				CLANG_WARN_DOCUMENTATION_COMMENTS = YES;
				CLANG_WARN_EMPTY_BODY = YES;
				CLANG_WARN_ENUM_CONVERSION = YES;
				CLANG_WARN_INFINITE_RECURSION = YES;
				CLANG_WARN_INT_CONVERSION = YES;
				CLANG_WARN_NON_LITERAL_NULL_CONVERSION = YES;
				CLANG_WARN_OBJC_IMPLICIT_RETAIN_SELF = YES;
				CLANG_WARN_OBJC_LITERAL_CONVERSION = YES;
				CLANG_WARN_OBJC_ROOT_CLASS = YES_ERROR;
				CLANG_WARN_QUOTED_INCLUDE_IN_FRAMEWORK_HEADER = YES;
				CLANG_WARN_RANGE_LOOP_ANALYSIS = YES;
				CLANG_WARN_STRICT_PROTOTYPES = YES;
				CLANG_WARN_SUSPICIOUS_MOVE = YES;
				CLANG_WARN_UNGUARDED_AVAILABILITY = YES_AGGRESSIVE;
				CLANG_WARN_UNREACHABLE_CODE = YES;
				CLANG_WARN__DUPLICATE_METHOD_MATCH = YES;
				COPY_PHASE_STRIP = NO;
				DEBUG_INFORMATION_FORMAT = dwarf;
				ENABLE_STRICT_OBJC_MSGSEND = YES;
				ENABLE_TESTABILITY = YES;
				GCC_C_LANGUAGE_STANDARD = gnu11;
				GCC_DYNAMIC_NO_PIC = NO;
				GCC_NO_COMMON_BLOCKS = YES;
				GCC_OPTIMIZATION_LEVEL = 0;
				GCC_PREPROCESSOR_DEFINITIONS = (
					"DEBUG=1",
					"$(inherited)",
				);
				GCC_WARN_64_TO_32_BIT_CONVERSION = YES;
				GCC_WARN_ABOUT_RETURN_TYPE = YES_ERROR;
				GCC_WARN_UNDECLARED_SELECTOR = YES;
				GCC_WARN_UNINITIALIZED_AUTOS = YES_AGGRESSIVE;
				GCC_WARN_UNUSED_FUNCTION = YES;
				GCC_WARN_UNUSED_VARIABLE = YES;
				IPHONEOS_DEPLOYMENT_TARGET = 16.2;
				MTL_ENABLE_DEBUG_INFO = INCLUDE_SOURCE;
				MTL_FAST_MATH = YES;
				ONLY_ACTIVE_ARCH = YES;
				SDKROOT = iphoneos;
				SWIFT_ACTIVE_COMPILATION_CONDITIONS = DEBUG;
				SWIFT_OPTIMIZATION_LEVEL = "-Onone";
			};
			name = Debug;
		};
		346032EA2A13BD0C000110CE /* Release */ = {
			isa = XCBuildConfiguration;
			buildSettings = {
				ALWAYS_SEARCH_USER_PATHS = NO;
				CLANG_ANALYZER_NONNULL = YES;
				CLANG_ANALYZER_NUMBER_OBJECT_CONVERSION = YES_AGGRESSIVE;
				CLANG_CXX_LANGUAGE_STANDARD = "gnu++20";
				CLANG_ENABLE_MODULES = YES;
				CLANG_ENABLE_OBJC_ARC = YES;
				CLANG_ENABLE_OBJC_WEAK = YES;
				CLANG_WARN_BLOCK_CAPTURE_AUTORELEASING = YES;
				CLANG_WARN_BOOL_CONVERSION = YES;
				CLANG_WARN_COMMA = YES;
				CLANG_WARN_CONSTANT_CONVERSION = YES;
				CLANG_WARN_DEPRECATED_OBJC_IMPLEMENTATIONS = YES;
				CLANG_WARN_DIRECT_OBJC_ISA_USAGE = YES_ERROR;
				CLANG_WARN_DOCUMENTATION_COMMENTS = YES;
				CLANG_WARN_EMPTY_BODY = YES;
				CLANG_WARN_ENUM_CONVERSION = YES;
				CLANG_WARN_INFINITE_RECURSION = YES;
				CLANG_WARN_INT_CONVERSION = YES;
				CLANG_WARN_NON_LITERAL_NULL_CONVERSION = YES;
				CLANG_WARN_OBJC_IMPLICIT_RETAIN_SELF = YES;
				CLANG_WARN_OBJC_LITERAL_CONVERSION = YES;
				CLANG_WARN_OBJC_ROOT_CLASS = YES_ERROR;
				CLANG_WARN_QUOTED_INCLUDE_IN_FRAMEWORK_HEADER = YES;
				CLANG_WARN_RANGE_LOOP_ANALYSIS = YES;
				CLANG_WARN_STRICT_PROTOTYPES = YES;
				CLANG_WARN_SUSPICIOUS_MOVE = YES;
				CLANG_WARN_UNGUARDED_AVAILABILITY = YES_AGGRESSIVE;
				CLANG_WARN_UNREACHABLE_CODE = YES;
				CLANG_WARN__DUPLICATE_METHOD_MATCH = YES;
				COPY_PHASE_STRIP = NO;
				DEBUG_INFORMATION_FORMAT = "dwarf-with-dsym";
				ENABLE_NS_ASSERTIONS = NO;
				ENABLE_STRICT_OBJC_MSGSEND = YES;
				GCC_C_LANGUAGE_STANDARD = gnu11;
				GCC_NO_COMMON_BLOCKS = YES;
				GCC_WARN_64_TO_32_BIT_CONVERSION = YES;
				GCC_WARN_ABOUT_RETURN_TYPE = YES_ERROR;
				GCC_WARN_UNDECLARED_SELECTOR = YES;
				GCC_WARN_UNINITIALIZED_AUTOS = YES_AGGRESSIVE;
				GCC_WARN_UNUSED_FUNCTION = YES;
				GCC_WARN_UNUSED_VARIABLE = YES;
				IPHONEOS_DEPLOYMENT_TARGET = 16.2;
				MTL_ENABLE_DEBUG_INFO = NO;
				MTL_FAST_MATH = YES;
				SDKROOT = iphoneos;
				SWIFT_COMPILATION_MODE = wholemodule;
				SWIFT_OPTIMIZATION_LEVEL = "-O";
				VALIDATE_PRODUCT = YES;
			};
			name = Release;
		};
		346032EC2A13BD0C000110CE /* Debug */ = {
			isa = XCBuildConfiguration;
			buildSettings = {
				ASSETCATALOG_COMPILER_APPICON_NAME = AppIcon;
				ASSETCATALOG_COMPILER_GLOBAL_ACCENT_COLOR_NAME = AccentColor;
				CODE_SIGN_STYLE = Automatic;
				CURRENT_PROJECT_VERSION = 1;
				DEVELOPMENT_ASSET_PATHS = "\"WeatherApp/Preview Content\"";
				ENABLE_PREVIEWS = YES;
				GENERATE_INFOPLIST_FILE = YES;
				INFOPLIST_KEY_UIApplicationSceneManifest_Generation = YES;
				INFOPLIST_KEY_UIApplicationSupportsIndirectInputEvents = YES;
				INFOPLIST_KEY_UILaunchScreen_Generation = YES;
				INFOPLIST_KEY_UISupportedInterfaceOrientations_iPad = "UIInterfaceOrientationPortrait UIInterfaceOrientationPortraitUpsideDown UIInterfaceOrientationLandscapeLeft UIInterfaceOrientationLandscapeRight";
				INFOPLIST_KEY_UISupportedInterfaceOrientations_iPhone = "UIInterfaceOrientationPortrait UIInterfaceOrientationLandscapeLeft UIInterfaceOrientationLandscapeRight";
				LD_RUNPATH_SEARCH_PATHS = (
					"$(inherited)",
					"@executable_path/Frameworks",
				);
				MARKETING_VERSION = 1.0;
				PRODUCT_BUNDLE_IDENTIFIER = com.mblack.WeatherApp;
				PRODUCT_NAME = "$(TARGET_NAME)";
				SWIFT_EMIT_LOC_STRINGS = YES;
				SWIFT_VERSION = 5.0;
				TARGETED_DEVICE_FAMILY = "1,2";
			};
			name = Debug;
		};
		346032ED2A13BD0C000110CE /* Release */ = {
			isa = XCBuildConfiguration;
			buildSettings = {
				ASSETCATALOG_COMPILER_APPICON_NAME = AppIcon;
				ASSETCATALOG_COMPILER_GLOBAL_ACCENT_COLOR_NAME = AccentColor;
				CODE_SIGN_STYLE = Automatic;
				CURRENT_PROJECT_VERSION = 1;
				DEVELOPMENT_ASSET_PATHS = "\"WeatherApp/Preview Content\"";
				ENABLE_PREVIEWS = YES;
				GENERATE_INFOPLIST_FILE = YES;
				INFOPLIST_KEY_UIApplicationSceneManifest_Generation = YES;
				INFOPLIST_KEY_UIApplicationSupportsIndirectInputEvents = YES;
				INFOPLIST_KEY_UILaunchScreen_Generation = YES;
				INFOPLIST_KEY_UISupportedInterfaceOrientations_iPad = "UIInterfaceOrientationPortrait UIInterfaceOrientationPortraitUpsideDown UIInterfaceOrientationLandscapeLeft UIInterfaceOrientationLandscapeRight";
				INFOPLIST_KEY_UISupportedInterfaceOrientations_iPhone = "UIInterfaceOrientationPortrait UIInterfaceOrientationLandscapeLeft UIInterfaceOrientationLandscapeRight";
				LD_RUNPATH_SEARCH_PATHS = (
					"$(inherited)",
					"@executable_path/Frameworks",
				);
				MARKETING_VERSION = 1.0;
				PRODUCT_BUNDLE_IDENTIFIER = com.mblack.WeatherApp;
				PRODUCT_NAME = "$(TARGET_NAME)";
				SWIFT_EMIT_LOC_STRINGS = YES;
				SWIFT_VERSION = 5.0;
				TARGETED_DEVICE_FAMILY = "1,2";
			};
			name = Release;
		};
/* End XCBuildConfiguration section */

/* Begin XCConfigurationList section */
		346032D82A13BD0C000110CE /* Build configuration list for PBXProject "WeatherApp" */ = {
			isa = XCConfigurationList;
			buildConfigurations = (
				346032E92A13BD0C000110CE /* Debug */,
				346032EA2A13BD0C000110CE /* Release */,
			);
			defaultConfigurationIsVisible = 0;
			defaultConfigurationName = Release;
		};
		346032EB2A13BD0C000110CE /* Build configuration list for PBXNativeTarget "WeatherApp" */ = {
			isa = XCConfigurationList;
			buildConfigurations = (
				346032EC2A13BD0C000110CE /* Debug */,
				346032ED2A13BD0C000110CE /* Release */,
			);
			defaultConfigurationIsVisible = 0;
			defaultConfigurationName = Release;
		};
/* End XCConfigurationList section */
	};
	rootObject = 346032D52A13BD0C000110CE /* Project object */;
}
